Microsoft Visual Studio Solution File, Format Version 12.00
# Visual Studio 15
VisualStudioVersion = 15.0.26730.16
MinimumVisualStudioVersion = 15.0.26124.0
Project("{9A19103F-16F7-4668-BE54-9A1E7A4F7556}") = "GC.Web", "GC.Web\GC.Web.csproj", "{C438A34D-AC32-43FE-A479-7A733C3D89D5}"
EndProject
Project("{9A19103F-16F7-4668-BE54-9A1E7A4F7556}") = "GC.Core", "GC.Core\GC.Core.csproj", "{39E10877-309A-4BF0-B27A-670C24F71C5B}"
EndProject
Project("{9A19103F-16F7-4668-BE54-9A1E7A4F7556}") = "GC.Data", "GC.Data\GC.Data.csproj", "{8FE6A3E6-17A7-4342-B273-3935B9F81455}"
EndProject
Project("{FAE04EC0-301F-11D3-BF4B-00C04F79EFBC}") = "GC.Test", "GC.Test\GC.Test.csproj", "{7D49641F-F253-46A5-B6D3-F1A97DF5BFE1}"
EndProject
Global
	GlobalSection(SolutionConfigurationPlatforms) = preSolution
		Debug|Any CPU = Debug|Any CPU
		Debug|x64 = Debug|x64
		Debug|x86 = Debug|x86
		Release|Any CPU = Release|Any CPU
		Release|x64 = Release|x64
		Release|x86 = Release|x86
	EndGlobalSection
	GlobalSection(ProjectConfigurationPlatforms) = postSolution
		{C438A34D-AC32-43FE-A479-7A733C3D89D5}.Debug|Any CPU.ActiveCfg = Debug|Any CPU
		{C438A34D-AC32-43FE-A479-7A733C3D89D5}.Debug|Any CPU.Build.0 = Debug|Any CPU
		{C438A34D-AC32-43FE-A479-7A733C3D89D5}.Debug|x64.ActiveCfg = Debug|Any CPU
		{C438A34D-AC32-43FE-A479-7A733C3D89D5}.Debug|x64.Build.0 = Debug|Any CPU
		{C438A34D-AC32-43FE-A479-7A733C3D89D5}.Debug|x86.ActiveCfg = Debug|Any CPU
		{C438A34D-AC32-43FE-A479-7A733C3D89D5}.Debug|x86.Build.0 = Debug|Any CPU
		{C438A34D-AC32-43FE-A479-7A733C3D89D5}.Release|Any CPU.ActiveCfg = Release|Any CPU
		{C438A34D-AC32-43FE-A479-7A733C3D89D5}.Release|Any CPU.Build.0 = Release|Any CPU
		{C438A34D-AC32-43FE-A479-7A733C3D89D5}.Release|x64.ActiveCfg = Release|Any CPU
		{C438A34D-AC32-43FE-A479-7A733C3D89D5}.Release|x64.Build.0 = Release|Any CPU
		{C438A34D-AC32-43FE-A479-7A733C3D89D5}.Release|x86.ActiveCfg = Release|Any CPU
		{C438A34D-AC32-43FE-A479-7A733C3D89D5}.Release|x86.Build.0 = Release|Any CPU
		{39E10877-309A-4BF0-B27A-670C24F71C5B}.Debug|Any CPU.ActiveCfg = Debug|Any CPU
		{39E10877-309A-4BF0-B27A-670C24F71C5B}.Debug|Any CPU.Build.0 = Debug|Any CPU
		{39E10877-309A-4BF0-B27A-670C24F71C5B}.Debug|x64.ActiveCfg = Debug|Any CPU
		{39E10877-309A-4BF0-B27A-670C24F71C5B}.Debug|x64.Build.0 = Debug|Any CPU
		{39E10877-309A-4BF0-B27A-670C24F71C5B}.Debug|x86.ActiveCfg = Debug|Any CPU
		{39E10877-309A-4BF0-B27A-670C24F71C5B}.Debug|x86.Build.0 = Debug|Any CPU
		{39E10877-309A-4BF0-B27A-670C24F71C5B}.Release|Any CPU.ActiveCfg = Release|Any CPU
		{39E10877-309A-4BF0-B27A-670C24F71C5B}.Release|Any CPU.Build.0 = Release|Any CPU
		{39E10877-309A-4BF0-B27A-670C24F71C5B}.Release|x64.ActiveCfg = Release|Any CPU
		{39E10877-309A-4BF0-B27A-670C24F71C5B}.Release|x64.Build.0 = Release|Any CPU
		{39E10877-309A-4BF0-B27A-670C24F71C5B}.Release|x86.ActiveCfg = Release|Any CPU
		{39E10877-309A-4BF0-B27A-670C24F71C5B}.Release|x86.Build.0 = Release|Any CPU
		{8FE6A3E6-17A7-4342-B273-3935B9F81455}.Debug|Any CPU.ActiveCfg = Debug|Any CPU
		{8FE6A3E6-17A7-4342-B273-3935B9F81455}.Debug|Any CPU.Build.0 = Debug|Any CPU
		{8FE6A3E6-17A7-4342-B273-3935B9F81455}.Debug|x64.ActiveCfg = Debug|Any CPU
		{8FE6A3E6-17A7-4342-B273-3935B9F81455}.Debug|x64.Build.0 = Debug|Any CPU
		{8FE6A3E6-17A7-4342-B273-3935B9F81455}.Debug|x86.ActiveCfg = Debug|Any CPU
		{8FE6A3E6-17A7-4342-B273-3935B9F81455}.Debug|x86.Build.0 = Debug|Any CPU
		{8FE6A3E6-17A7-4342-B273-3935B9F81455}.Release|Any CPU.ActiveCfg = Release|Any CPU
		{8FE6A3E6-17A7-4342-B273-3935B9F81455}.Release|Any CPU.Build.0 = Release|Any CPU
		{8FE6A3E6-17A7-4342-B273-3935B9F81455}.Release|x64.ActiveCfg = Release|Any CPU
		{8FE6A3E6-17A7-4342-B273-3935B9F81455}.Release|x64.Build.0 = Release|Any CPU
		{8FE6A3E6-17A7-4342-B273-3935B9F81455}.Release|x86.ActiveCfg = Release|Any CPU
		{8FE6A3E6-17A7-4342-B273-3935B9F81455}.Release|x86.Build.0 = Release|Any CPU
		{7D49641F-F253-46A5-B6D3-F1A97DF5BFE1}.Debug|Any CPU.ActiveCfg = Debug|Any CPU
		{7D49641F-F253-46A5-B6D3-F1A97DF5BFE1}.Debug|Any CPU.Build.0 = Debug|Any CPU
		{7D49641F-F253-46A5-B6D3-F1A97DF5BFE1}.Debug|x64.ActiveCfg = Debug|Any CPU
		{7D49641F-F253-46A5-B6D3-F1A97DF5BFE1}.Debug|x64.Build.0 = Debug|Any CPU
		{7D49641F-F253-46A5-B6D3-F1A97DF5BFE1}.Debug|x86.ActiveCfg = Debug|Any CPU
		{7D49641F-F253-46A5-B6D3-F1A97DF5BFE1}.Debug|x86.Build.0 = Debug|Any CPU
		{7D49641F-F253-46A5-B6D3-F1A97DF5BFE1}.Release|Any CPU.ActiveCfg = Release|Any CPU
		{7D49641F-F253-46A5-B6D3-F1A97DF5BFE1}.Release|Any CPU.Build.0 = Release|Any CPU
		{7D49641F-F253-46A5-B6D3-F1A97DF5BFE1}.Release|x64.ActiveCfg = Release|Any CPU
		{7D49641F-F253-46A5-B6D3-F1A97DF5BFE1}.Release|x64.Build.0 = Release|Any CPU
		{7D49641F-F253-46A5-B6D3-F1A97DF5BFE1}.Release|x86.ActiveCfg = Release|Any CPU
		{7D49641F-F253-46A5-B6D3-F1A97DF5BFE1}.Release|x86.Build.0 = Release|Any CPU
	EndGlobalSection
	GlobalSection(SolutionProperties) = preSolution
		HideSolutionNode = FALSE
	EndGlobalSection
	GlobalSection(ExtensibilityGlobals) = postSolution
		SolutionGuid = {2A8DD75F-7E14-429C-B3CC-A51AC90260B3}
	EndGlobalSection
EndGlobal
